Microsoft Visual Studio Solution File, Format Version 11.00
# Visual Studio 2010
Project("{FAE04EC0-301F-11D3-BF4B-00C04F79EFBC}") = "RangeAreaChart", "RangeAreaChart\RangeAreaChart.csproj", "{07266151-2F3B-4BAA-B351-CD4E51DB95A1}"
EndProject
Project("{FAE04EC0-301F-11D3-BF4B-00C04F79EFBC}") = "RangeAreaChart.Web", "RangeAreaChart.Web\RangeAreaChart.Web.csproj", "{7C8AF421-79F0-4E3C-AF92-938777D837D6}"
EndProject
Global
	GlobalSection(SolutionConfigurationPlatforms) = preSolution
		Debug|Any CPU = Debug|Any CPU
		Release|Any CPU = Release|Any CPU
	EndGlobalSection
	GlobalSection(ProjectConfigurationPlatforms) = postSolution
		{07266151-2F3B-4BAA-B351-CD4E51DB95A1}.Debug|Any CPU.ActiveCfg = Debug|Any CPU
		{07266151-2F3B-4BAA-B351-CD4E51DB95A1}.Debug|Any CPU.Build.0 = Debug|Any CPU
		{07266151-2F3B-4BAA-B351-CD4E51DB95A1}.Release|Any CPU.ActiveCfg = Release|Any CPU
		{07266151-2F3B-4BAA-B351-CD4E51DB95A1}.Release|Any CPU.Build.0 = Release|Any CPU
		{7C8AF421-79F0-4E3C-AF92-938777D837D6}.Debug|Any CPU.ActiveCfg = Debug|Any CPU
		{7C8AF421-79F0-4E3C-AF92-938777D837D6}.Debug|Any CPU.Build.0 = Debug|Any CPU
		{7C8AF421-79F0-4E3C-AF92-938777D837D6}.Release|Any CPU.ActiveCfg = Release|Any CPU
		{7C8AF421-79F0-4E3C-AF92-938777D837D6}.Release|Any CPU.Build.0 = Release|Any CPU
	EndGlobalSection
	GlobalSection(SolutionProperties) = preSolution
		HideSolutionNode = FALSE
	EndGlobalSection
EndGlobal
